
Microsoft Visual Studio Solution File, Format Version 12.00
# Visual Studio Version 16
VisualStudioVersion = 16.0.31205.134
MinimumVisualStudioVersion = 10.0.40219.1
Project("{2150E333-8FDC-42A3-9474-1A3956D46DE8}") = "src", "src", "{81AF5308-FFA3-43F8-8D92-BB7702C48D4F}"
EndProject
Project("{2150E333-8FDC-42A3-9474-1A3956D46DE8}") = "Building Blocks", "Building Blocks", "{A2E297C3-7E66-4FDE-B87B-93AD35F33E87}"
EndProject
Project("{2150E333-8FDC-42A3-9474-1A3956D46DE8}") = "Services", "Services", "{06C693BB-94E0-48E6-96B1-26212A6F963C}"
EndProject
Project("{2150E333-8FDC-42A3-9474-1A3956D46DE8}") = "Web", "Web", "{D09937C6-882C-40ED-B840-581344505603}"
EndProject
Project("{2150E333-8FDC-42A3-9474-1A3956D46DE8}") = "Identidade", "Identidade", "{8E12D32D-7B6B-4908-A458-62A4986064E3}"
EndProject
Project("{9A19103F-16F7-4668-BE54-9A1E7A4F7556}") = "MSE.Identidade.API", "src\services\MSE.Identidade.API\MSE.Identidade.API.csproj", "{768C6E3A-BCE0-446C-9456-08E2EF54F61D}"
EndProject
Project("{2150E333-8FDC-42A3-9474-1A3956D46DE8}") = "MVC", "MVC", "{EB4B71D8-95FB-4856-8A4C-2142AC6B7DB0}"
EndProject
Project("{9A19103F-16F7-4668-BE54-9A1E7A4F7556}") = "MSE.WebApp.MVC", "src\web\MSE.WebApp.MVC\MSE.WebApp.MVC.csproj", "{C0DD95E8-AD7B-4D3C-A7C0-E387379C54A7}"
EndProject
Project("{2150E333-8FDC-42A3-9474-1A3956D46DE8}") = "Core", "Core", "{E3EEEEB2-E098-4108-9754-BC4D6470E98B}"
EndProject
Project("{9A19103F-16F7-4668-BE54-9A1E7A4F7556}") = "MSE.Core", "src\building blocks\MSE.Core\MSE.Core.csproj", "{79C52D1C-B785-4F4F-8AC3-31A42BA760D8}"
EndProject
Project("{2150E333-8FDC-42A3-9474-1A3956D46DE8}") = "Carrinho", "Carrinho", "{269E0A5E-0010-407E-BCFA-F41452B60FAB}"
EndProject
Project("{9A19103F-16F7-4668-BE54-9A1E7A4F7556}") = "MSE.Carrinho.API", "src\services\MSE.Carrinho.API\MSE.Carrinho.API.csproj", "{8ED99787-3D69-4CDB-ACC0-473465D7AF19}"
EndProject
Project("{2150E333-8FDC-42A3-9474-1A3956D46DE8}") = "Catalogo", "Catalogo", "{42111AD8-81B3-4ECF-85C2-AE672F86D8C9}"
EndProject
Project("{9A19103F-16F7-4668-BE54-9A1E7A4F7556}") = "MSE.Catalogo.API", "src\services\MSE.Catalogo.API\MSE.Catalogo.API.csproj", "{F12E3408-7C4B-4CC9-BC0F-ACE98452C608}"
EndProject
Project("{2150E333-8FDC-42A3-9474-1A3956D46DE8}") = "Cliente", "Cliente", "{641D914A-62B6-4E3D-A603-567F02F14DBC}"
EndProject
Project("{2150E333-8FDC-42A3-9474-1A3956D46DE8}") = "Pagamento", "Pagamento", "{0844CD21-861D-441B-B120-34DA6632E92E}"
EndProject
Project("{9A19103F-16F7-4668-BE54-9A1E7A4F7556}") = "MSE.Pagamento.API", "src\services\MSE.Pagamento.API\MSE.Pagamento.API.csproj", "{67019E2E-967E-473A-8549-CB0E9F72B915}"
EndProject
Project("{2150E333-8FDC-42A3-9474-1A3956D46DE8}") = "Pedido", "Pedido", "{42EEC698-18BA-4183-BD8A-AFB2B3EA7BAA}"
EndProject
Project("{9A19103F-16F7-4668-BE54-9A1E7A4F7556}") = "MSE.Pedido.API", "src\services\MSE.Pedido.API\MSE.Pedido.API.csproj", "{B1D977CE-1E42-4D92-9AD8-C4C0EE311B6B}"
EndProject
Project("{2150E333-8FDC-42A3-9474-1A3956D46DE8}") = "Services", "Services", "{3A581373-3C7C-46F2-8A25-BCFADD4EA933}"
EndProject
Project("{9A19103F-16F7-4668-BE54-9A1E7A4F7556}") = "MSE.WebApi.Core", "src\building blocks\MSE.WebApi.Core\MSE.WebApi.Core.csproj", "{147FE9F1-5F23-44F9-B652-0B9AD49FECA6}"
EndProject
Project("{FAE04EC0-301F-11D3-BF4B-00C04F79EFBC}") = "MSE.Clientes.API", "src\services\MSE.Clientes.API\MSE.Clientes.API.csproj", "{BB763286-6B4F-4920-BBB6-C174B8922751}"
EndProject
Project("{2150E333-8FDC-42A3-9474-1A3956D46DE8}") = "MessageBus", "MessageBus", "{4D0143F2-0199-43AB-B041-62892432034D}"
EndProject
Project("{FAE04EC0-301F-11D3-BF4B-00C04F79EFBC}") = "MSE.MessageBus", "src\building blocks\MSE.MessageBus\MSE.MessageBus.csproj", "{087FB78E-9061-4B68-AF80-D38E34FB6255}"
EndProject
Global
	GlobalSection(SolutionConfigurationPlatforms) = preSolution
		Debug|Any CPU = Debug|Any CPU
		Release|Any CPU = Release|Any CPU
	EndGlobalSection
	GlobalSection(ProjectConfigurationPlatforms) = postSolution
		{768C6E3A-BCE0-446C-9456-08E2EF54F61D}.Debug|Any CPU.ActiveCfg = Debug|Any CPU
		{768C6E3A-BCE0-446C-9456-08E2EF54F61D}.Debug|Any CPU.Build.0 = Debug|Any CPU
		{768C6E3A-BCE0-446C-9456-08E2EF54F61D}.Release|Any CPU.ActiveCfg = Release|Any CPU
		{768C6E3A-BCE0-446C-9456-08E2EF54F61D}.Release|Any CPU.Build.0 = Release|Any CPU
		{C0DD95E8-AD7B-4D3C-A7C0-E387379C54A7}.Debug|Any CPU.ActiveCfg = Debug|Any CPU
		{C0DD95E8-AD7B-4D3C-A7C0-E387379C54A7}.Debug|Any CPU.Build.0 = Debug|Any CPU
		{C0DD95E8-AD7B-4D3C-A7C0-E387379C54A7}.Release|Any CPU.ActiveCfg = Release|Any CPU
		{C0DD95E8-AD7B-4D3C-A7C0-E387379C54A7}.Release|Any CPU.Build.0 = Release|Any CPU
		{79C52D1C-B785-4F4F-8AC3-31A42BA760D8}.Debug|Any CPU.ActiveCfg = Debug|Any CPU
		{79C52D1C-B785-4F4F-8AC3-31A42BA760D8}.Debug|Any CPU.Build.0 = Debug|Any CPU
		{79C52D1C-B785-4F4F-8AC3-31A42BA760D8}.Release|Any CPU.ActiveCfg = Release|Any CPU
		{79C52D1C-B785-4F4F-8AC3-31A42BA760D8}.Release|Any CPU.Build.0 = Release|Any CPU
		{8ED99787-3D69-4CDB-ACC0-473465D7AF19}.Debug|Any CPU.ActiveCfg = Debug|Any CPU
		{8ED99787-3D69-4CDB-ACC0-473465D7AF19}.Debug|Any CPU.Build.0 = Debug|Any CPU
		{8ED99787-3D69-4CDB-ACC0-473465D7AF19}.Release|Any CPU.ActiveCfg = Release|Any CPU
		{8ED99787-3D69-4CDB-ACC0-473465D7AF19}.Release|Any CPU.Build.0 = Release|Any CPU
		{F12E3408-7C4B-4CC9-BC0F-ACE98452C608}.Debug|Any CPU.ActiveCfg = Debug|Any CPU
		{F12E3408-7C4B-4CC9-BC0F-ACE98452C608}.Debug|Any CPU.Build.0 = Debug|Any CPU
		{F12E3408-7C4B-4CC9-BC0F-ACE98452C608}.Release|Any CPU.ActiveCfg = Release|Any CPU
		{F12E3408-7C4B-4CC9-BC0F-ACE98452C608}.Release|Any CPU.Build.0 = Release|Any CPU
		{67019E2E-967E-473A-8549-CB0E9F72B915}.Debug|Any CPU.ActiveCfg = Debug|Any CPU
		{67019E2E-967E-473A-8549-CB0E9F72B915}.Debug|Any CPU.Build.0 = Debug|Any CPU
		{67019E2E-967E-473A-8549-CB0E9F72B915}.Release|Any CPU.ActiveCfg = Release|Any CPU
		{67019E2E-967E-473A-8549-CB0E9F72B915}.Release|Any CPU.Build.0 = Release|Any CPU
		{B1D977CE-1E42-4D92-9AD8-C4C0EE311B6B}.Debug|Any CPU.ActiveCfg = Debug|Any CPU
		{B1D977CE-1E42-4D92-9AD8-C4C0EE311B6B}.Debug|Any CPU.Build.0 = Debug|Any CPU
		{B1D977CE-1E42-4D92-9AD8-C4C0EE311B6B}.Release|Any CPU.ActiveCfg = Release|Any CPU
		{B1D977CE-1E42-4D92-9AD8-C4C0EE311B6B}.Release|Any CPU.Build.0 = Release|Any CPU
		{147FE9F1-5F23-44F9-B652-0B9AD49FECA6}.Debug|Any CPU.ActiveCfg = Debug|Any CPU
		{147FE9F1-5F23-44F9-B652-0B9AD49FECA6}.Debug|Any CPU.Build.0 = Debug|Any CPU
		{147FE9F1-5F23-44F9-B652-0B9AD49FECA6}.Release|Any CPU.ActiveCfg = Release|Any CPU
		{147FE9F1-5F23-44F9-B652-0B9AD49FECA6}.Release|Any CPU.Build.0 = Release|Any CPU
		{BB763286-6B4F-4920-BBB6-C174B8922751}.Debug|Any CPU.ActiveCfg = Debug|Any CPU
		{BB763286-6B4F-4920-BBB6-C174B8922751}.Debug|Any CPU.Build.0 = Debug|Any CPU
		{BB763286-6B4F-4920-BBB6-C174B8922751}.Release|Any CPU.ActiveCfg = Release|Any CPU
		{BB763286-6B4F-4920-BBB6-C174B8922751}.Release|Any CPU.Build.0 = Release|Any CPU
		{087FB78E-9061-4B68-AF80-D38E34FB6255}.Debug|Any CPU.ActiveCfg = Debug|Any CPU
		{087FB78E-9061-4B68-AF80-D38E34FB6255}.Debug|Any CPU.Build.0 = Debug|Any CPU
		{087FB78E-9061-4B68-AF80-D38E34FB6255}.Release|Any CPU.ActiveCfg = Release|Any CPU
		{087FB78E-9061-4B68-AF80-D38E34FB6255}.Release|Any CPU.Build.0 = Release|Any CPU
	EndGlobalSection
	GlobalSection(SolutionProperties) = preSolution
		HideSolutionNode = FALSE
	EndGlobalSection
	GlobalSection(NestedProjects) = preSolution
		{A2E297C3-7E66-4FDE-B87B-93AD35F33E87} = {81AF5308-FFA3-43F8-8D92-BB7702C48D4F}
		{06C693BB-94E0-48E6-96B1-26212A6F963C} = {81AF5308-FFA3-43F8-8D92-BB7702C48D4F}
		{D09937C6-882C-40ED-B840-581344505603} = {81AF5308-FFA3-43F8-8D92-BB7702C48D4F}
		{8E12D32D-7B6B-4908-A458-62A4986064E3} = {06C693BB-94E0-48E6-96B1-26212A6F963C}
		{768C6E3A-BCE0-446C-9456-08E2EF54F61D} = {8E12D32D-7B6B-4908-A458-62A4986064E3}
		{EB4B71D8-95FB-4856-8A4C-2142AC6B7DB0} = {D09937C6-882C-40ED-B840-581344505603}
		{C0DD95E8-AD7B-4D3C-A7C0-E387379C54A7} = {EB4B71D8-95FB-4856-8A4C-2142AC6B7DB0}
		{E3EEEEB2-E098-4108-9754-BC4D6470E98B} = {A2E297C3-7E66-4FDE-B87B-93AD35F33E87}
		{79C52D1C-B785-4F4F-8AC3-31A42BA760D8} = {E3EEEEB2-E098-4108-9754-BC4D6470E98B}
		{269E0A5E-0010-407E-BCFA-F41452B60FAB} = {06C693BB-94E0-48E6-96B1-26212A6F963C}
		{8ED99787-3D69-4CDB-ACC0-473465D7AF19} = {269E0A5E-0010-407E-BCFA-F41452B60FAB}
		{42111AD8-81B3-4ECF-85C2-AE672F86D8C9} = {06C693BB-94E0-48E6-96B1-26212A6F963C}
		{F12E3408-7C4B-4CC9-BC0F-ACE98452C608} = {42111AD8-81B3-4ECF-85C2-AE672F86D8C9}
		{641D914A-62B6-4E3D-A603-567F02F14DBC} = {06C693BB-94E0-48E6-96B1-26212A6F963C}
		{0844CD21-861D-441B-B120-34DA6632E92E} = {06C693BB-94E0-48E6-96B1-26212A6F963C}
		{67019E2E-967E-473A-8549-CB0E9F72B915} = {0844CD21-861D-441B-B120-34DA6632E92E}
		{42EEC698-18BA-4183-BD8A-AFB2B3EA7BAA} = {06C693BB-94E0-48E6-96B1-26212A6F963C}
		{B1D977CE-1E42-4D92-9AD8-C4C0EE311B6B} = {42EEC698-18BA-4183-BD8A-AFB2B3EA7BAA}
		{3A581373-3C7C-46F2-8A25-BCFADD4EA933} = {A2E297C3-7E66-4FDE-B87B-93AD35F33E87}
		{147FE9F1-5F23-44F9-B652-0B9AD49FECA6} = {3A581373-3C7C-46F2-8A25-BCFADD4EA933}
		{BB763286-6B4F-4920-BBB6-C174B8922751} = {641D914A-62B6-4E3D-A603-567F02F14DBC}
		{4D0143F2-0199-43AB-B041-62892432034D} = {A2E297C3-7E66-4FDE-B87B-93AD35F33E87}
		{087FB78E-9061-4B68-AF80-D38E34FB6255} = {4D0143F2-0199-43AB-B041-62892432034D}
	EndGlobalSection
	GlobalSection(ExtensibilityGlobals) = postSolution
		SolutionGuid = {3D4802A3-2518-4979-8C13-EAB1F0FF689B}
	EndGlobalSection
EndGlobal
